{
  "originHash" : "846992dfd15cbf10eb0999e3ece26a967ee2db48f1d1c61a086beeb9076c74ee",
  "pins" : [
    {
      "identity" : "livediagnosticsclient",
      "kind" : "remoteSourceControl",
      "location" : "https://github.com/ObjectivePixel/LiveDiagnosticsClient.git",
      "state" : {
        "branch" : "claude/viewer-initiative-activation-dqcRK",
        "revision" : "b7bafa1147d776780920681611c318693fd0f69a"
      }
    }
  ],
  "version" : 3
}
