{
  "originHash" : "3386b818abb1a916956f5dbb56f0a4d36d3ae6f7d0f54b995742596ca7c56a73",
  "pins" : [
    {
      "identity" : "objpxllivediagnostics",
      "kind" : "remoteSourceControl",
      "location" : "git@github.com:ObjectivePixel/ObjPxlLiveDiagnostics.git",
      "state" : {
        "revision" : "449df29fdc5b9f420cee9cb3a4323b398c1b7c83",
        "version" : "0.3.0"
      }
    }
  ],
  "version" : 3
}
