{
  "originHash" : "846992dfd15cbf10eb0999e3ece26a967ee2db48f1d1c61a086beeb9076c74ee",
  "pins" : [
    {
      "identity" : "livediagnosticsclient",
      "kind" : "remoteSourceControl",
      "location" : "https://github.com/ObjectivePixel/LiveDiagnosticsClient.git",
      "state" : {
        "revision" : "d3a0c01d01daddcdb05e5617a1f7e7d14515884d",
        "version" : "0.1.0"
      }
    }
  ],
  "version" : 3
}
