// !$*UTF8*$!
{
	archiveVersion = 1;
	classes = {
	};
	objectVersion = 77;
	objects = {

/* Begin PBXContainerItemProxy section */
		9CD550492EE31ED6006CAB3F /* PBXContainerItemProxy */ = {
			isa = PBXContainerItemProxy;
			containerPortal = 9CD550332EE31ED5006CAB3F /* Project object */;
			proxyType = 1;
			remoteGlobalIDString = 9CD5503A2EE31ED5006CAB3F;
			remoteInfo = RemindfulTelemetryVerify;
		};
		9CD550532EE31ED6006CAB3F /* PBXContainerItemProxy */ = {
			isa = PBXContainerItemProxy;
			containerPortal = 9CD550332EE31ED5006CAB3F /* Project object */;
			proxyType = 1;
			remoteGlobalIDString = 9CD5503A2EE31ED5006CAB3F;
			remoteInfo = RemindfulTelemetryVerify;
		};
/* End PBXContainerItemProxy section */

/* Begin PBXFileReference section */
		9CD5503B2EE31ED5006CAB3F /* RemindfulTelemetryVerify.app */ = {isa = PBXFileReference; explicitFileType = wrapper.application; includeInIndex = 0; path = RemindfulTelemetryVerify.app; sourceTree = BUILT_PRODUCTS_DIR; };
		9CD550482EE31ED6006CAB3F /* RemindfulTelemetryVerifyTests.xctest */ = {isa = PBXFileReference; explicitFileType = wrapper.cfbundle; includeInIndex = 0; path = RemindfulTelemetryVerifyTests.xctest; sourceTree = BUILT_PRODUCTS_DIR; };
		9CD550522EE31ED6006CAB3F /* RemindfulTelemetryVerifyUITests.xctest */ = {isa = PBXFileReference; explicitFileType = wrapper.cfbundle; includeInIndex = 0; path = RemindfulTelemetryVerifyUITests.xctest; sourceTree = BUILT_PRODUCTS_DIR; };
/* End PBXFileReference section */

/* Begin PBXFileSystemSynchronizedRootGroup section */
		9CD5503D2EE31ED5006CAB3F /* RemindfulTelemetryVerify */ = {
			isa = PBXFileSystemSynchronizedRootGroup;
			path = RemindfulTelemetryVerify;
			sourceTree = "<group>";
		};
		9CD5504B2EE31ED6006CAB3F /* RemindfulTelemetryVerifyTests */ = {
			isa = PBXFileSystemSynchronizedRootGroup;
			path = RemindfulTelemetryVerifyTests;
			sourceTree = "<group>";
		};
		9CD550552EE31ED6006CAB3F /* RemindfulTelemetryVerifyUITests */ = {
			isa = PBXFileSystemSynchronizedRootGroup;
			path = RemindfulTelemetryVerifyUITests;
			sourceTree = "<group>";
		};
/* End PBXFileSystemSynchronizedRootGroup section */

/* Begin PBXFrameworksBuildPhase section */
		9CD550382EE31ED5006CAB3F /* Frameworks */ = {
			isa = PBXFrameworksBuildPhase;
			buildActionMask = 2147483647;
			files = (
			);
			runOnlyForDeploymentPostprocessing = 0;
		};
		9CD550452EE31ED6006CAB3F /* Frameworks */ = {
			isa = PBXFrameworksBuildPhase;
			buildActionMask = 2147483647;
			files = (
			);
			runOnlyForDeploymentPostprocessing = 0;
		};
		9CD5504F2EE31ED6006CAB3F /* Frameworks */ = {
			isa = PBXFrameworksBuildPhase;
			buildActionMask = 2147483647;
			files = (
			);
			runOnlyForDeploymentPostprocessing = 0;
		};
/* End PBXFrameworksBuildPhase section */

/* Begin PBXGroup section */
		9CD550322EE31ED5006CAB3F = {
			isa = PBXGroup;
			children = (
				9CD5503D2EE31ED5006CAB3F /* RemindfulTelemetryVerify */,
				9CD5504B2EE31ED6006CAB3F /* RemindfulTelemetryVerifyTests */,
				9CD550552EE31ED6006CAB3F /* RemindfulTelemetryVerifyUITests */,
				9CD5503C2EE31ED5006CAB3F /* Products */,
			);
			sourceTree = "<group>";
		};
		9CD5503C2EE31ED5006CAB3F /* Products */ = {
			isa = PBXGroup;
			children = (
				9CD5503B2EE31ED5006CAB3F /* RemindfulTelemetryVerify.app */,
				9CD550482EE31ED6006CAB3F /* RemindfulTelemetryVerifyTests.xctest */,
				9CD550522EE31ED6006CAB3F /* RemindfulTelemetryVerifyUITests.xctest */,
			);
			name = Products;
			sourceTree = "<group>";
		};
/* End PBXGroup section */

/* Begin PBXNativeTarget section */
		9CD5503A2EE31ED5006CAB3F /* RemindfulTelemetryVerify */ = {
			isa = PBXNativeTarget;
			buildConfigurationList = 9CD5505C2EE31ED6006CAB3F /* Build configuration list for PBXNativeTarget "RemindfulTelemetryVerify" */;
			buildPhases = (
				9CD550372EE31ED5006CAB3F /* Sources */,
				9CD550382EE31ED5006CAB3F /* Frameworks */,
				9CD550392EE31ED5006CAB3F /* Resources */,
			);
			buildRules = (
			);
			dependencies = (
			);
			fileSystemSynchronizedGroups = (
				9CD5503D2EE31ED5006CAB3F /* RemindfulTelemetryVerify */,
			);
			name = RemindfulTelemetryVerify;
			packageProductDependencies = (
			);
			productName = RemindfulTelemetryVerify;
			productReference = 9CD5503B2EE31ED5006CAB3F /* RemindfulTelemetryVerify.app */;
			productType = "com.apple.product-type.application";
		};
		9CD550472EE31ED6006CAB3F /* RemindfulTelemetryVerifyTests */ = {
			isa = PBXNativeTarget;
			buildConfigurationList = 9CD5505F2EE31ED6006CAB3F /* Build configuration list for PBXNativeTarget "RemindfulTelemetryVerifyTests" */;
			buildPhases = (
				9CD550442EE31ED6006CAB3F /* Sources */,
				9CD550452EE31ED6006CAB3F /* Frameworks */,
				9CD550462EE31ED6006CAB3F /* Resources */,
			);
			buildRules = (
			);
			dependencies = (
				9CD5504A2EE31ED6006CAB3F /* PBXTargetDependency */,
			);
			fileSystemSynchronizedGroups = (
				9CD5504B2EE31ED6006CAB3F /* RemindfulTelemetryVerifyTests */,
			);
			name = RemindfulTelemetryVerifyTests;
			packageProductDependencies = (
			);
			productName = RemindfulTelemetryVerifyTests;
			productReference = 9CD550482EE31ED6006CAB3F /* RemindfulTelemetryVerifyTests.xctest */;
			productType = "com.apple.product-type.bundle.unit-test";
		};
		9CD550512EE31ED6006CAB3F /* RemindfulTelemetryVerifyUITests */ = {
			isa = PBXNativeTarget;
			buildConfigurationList = 9CD550622EE31ED6006CAB3F /* Build configuration list for PBXNativeTarget "RemindfulTelemetryVerifyUITests" */;
			buildPhases = (
				9CD5504E2EE31ED6006CAB3F /* Sources */,
				9CD5504F2EE31ED6006CAB3F /* Frameworks */,
				9CD550502EE31ED6006CAB3F /* Resources */,
			);
			buildRules = (
			);
			dependencies = (
				9CD550542EE31ED6006CAB3F /* PBXTargetDependency */,
			);
			fileSystemSynchronizedGroups = (
				9CD550552EE31ED6006CAB3F /* RemindfulTelemetryVerifyUITests */,
			);
			name = RemindfulTelemetryVerifyUITests;
			packageProductDependencies = (
			);
			productName = RemindfulTelemetryVerifyUITests;
			productReference = 9CD550522EE31ED6006CAB3F /* RemindfulTelemetryVerifyUITests.xctest */;
			productType = "com.apple.product-type.bundle.ui-testing";
		};
/* End PBXNativeTarget section */

/* Begin PBXProject section */
		9CD550332EE31ED5006CAB3F /* Project object */ = {
			isa = PBXProject;
			attributes = {
				BuildIndependentTargetsInParallel = 1;
				LastSwiftUpdateCheck = 2600;
				LastUpgradeCheck = 2600;
				TargetAttributes = {
					9CD5503A2EE31ED5006CAB3F = {
						CreatedOnToolsVersion = 26.0;
					};
					9CD550472EE31ED6006CAB3F = {
						CreatedOnToolsVersion = 26.0;
						TestTargetID = 9CD5503A2EE31ED5006CAB3F;
					};
					9CD550512EE31ED6006CAB3F = {
						CreatedOnToolsVersion = 26.0;
						TestTargetID = 9CD5503A2EE31ED5006CAB3F;
					};
				};
			};
			buildConfigurationList = 9CD550362EE31ED5006CAB3F /* Build configuration list for PBXProject "RemindfulTelemetryVerify" */;
			developmentRegion = en;
			hasScannedForEncodings = 0;
			knownRegions = (
				en,
				Base,
			);
			mainGroup = 9CD550322EE31ED5006CAB3F;
			minimizedProjectReferenceProxies = 1;
			preferredProjectObjectVersion = 77;
			productRefGroup = 9CD5503C2EE31ED5006CAB3F /* Products */;
			projectDirPath = "";
			projectRoot = "";
			targets = (
				9CD5503A2EE31ED5006CAB3F /* RemindfulTelemetryVerify */,
				9CD550472EE31ED6006CAB3F /* RemindfulTelemetryVerifyTests */,
				9CD550512EE31ED6006CAB3F /* RemindfulTelemetryVerifyUITests */,
			);
		};
/* End PBXProject section */

/* Begin PBXResourcesBuildPhase section */
		9CD550392EE31ED5006CAB3F /* Resources */ = {
			isa = PBXResourcesBuildPhase;
			buildActionMask = 2147483647;
			files = (
			);
			runOnlyForDeploymentPostprocessing = 0;
		};
		9CD550462EE31ED6006CAB3F /* Resources */ = {
			isa = PBXResourcesBuildPhase;
			buildActionMask = 2147483647;
			files = (
			);
			runOnlyForDeploymentPostprocessing = 0;
		};
		9CD550502EE31ED6006CAB3F /* Resources */ = {
			isa = PBXResourcesBuildPhase;
			buildActionMask = 2147483647;
			files = (
			);
			runOnlyForDeploymentPostprocessing = 0;
		};
/* End PBXResourcesBuildPhase section */

/* Begin PBXSourcesBuildPhase section */
		9CD550372EE31ED5006CAB3F /* Sources */ = {
			isa = PBXSourcesBuildPhase;
			buildActionMask = 2147483647;
			files = (
			);
			runOnlyForDeploymentPostprocessing = 0;
		};
		9CD550442EE31ED6006CAB3F /* Sources */ = {
			isa = PBXSourcesBuildPhase;
			buildActionMask = 2147483647;
			files = (
			);
			runOnlyForDeploymentPostprocessing = 0;
		};
		9CD5504E2EE31ED6006CAB3F /* Sources */ = {
			isa = PBXSourcesBuildPhase;
			buildActionMask = 2147483647;
			files = (
			);
			runOnlyForDeploymentPostprocessing = 0;
		};
/* End PBXSourcesBuildPhase section */

/* Begin PBXTargetDependency section */
		9CD5504A2EE31ED6006CAB3F /* PBXTargetDependency */ = {
			isa = PBXTargetDependency;
			target = 9CD5503A2EE31ED5006CAB3F /* RemindfulTelemetryVerify */;
			targetProxy = 9CD550492EE31ED6006CAB3F /* PBXContainerItemProxy */;
		};
		9CD550542EE31ED6006CAB3F /* PBXTargetDependency */ = {
			isa = PBXTargetDependency;
			target = 9CD5503A2EE31ED5006CAB3F /* RemindfulTelemetryVerify */;
			targetProxy = 9CD550532EE31ED6006CAB3F /* PBXContainerItemProxy */;
		};
/* End PBXTargetDependency section */

/* Begin XCBuildConfiguration section */
		9CD5505A2EE31ED6006CAB3F /* Debug */ = {
			isa = XCBuildConfiguration;
			buildSettings = {
				ALWAYS_SEARCH_USER_PATHS = NO;
				ASSETCATALOG_COMPILER_GENERATE_SWIFT_ASSET_SYMBOL_EXTENSIONS = YES;
				CLANG_ANALYZER_NONNULL = YES;
				CLANG_ANALYZER_NUMBER_OBJECT_CONVERSION = YES_AGGRESSIVE;
				CLANG_CXX_LANGUAGE_STANDARD = "gnu++20";
				CLANG_ENABLE_MODULES = YES;
				CLANG_ENABLE_OBJC_ARC = YES;
				CLANG_ENABLE_OBJC_WEAK = YES;
				CLANG_WARN_BLOCK_CAPTURE_AUTORELEASING = YES;
				CLANG_WARN_BOOL_CONVERSION = YES;
				CLANG_WARN_COMMA = YES;
				CLANG_WARN_CONSTANT_CONVERSION = YES;
				CLANG_WARN_DEPRECATED_OBJC_IMPLEMENTATIONS = YES;
				CLANG_WARN_DIRECT_OBJC_ISA_USAGE = YES_ERROR;
				CLANG_WARN_DOCUMENTATION_COMMENTS = YES;
				CLANG_WARN_EMPTY_BODY = YES;
				CLANG_WARN_ENUM_CONVERSION = YES;
				CLANG_WARN_INFINITE_RECURSION = YES;
				CLANG_WARN_INT_CONVERSION = YES;
				CLANG_WARN_NON_LITERAL_NULL_CONVERSION = YES;
				CLANG_WARN_OBJC_IMPLICIT_RETAIN_SELF = YES;
				CLANG_WARN_OBJC_LITERAL_CONVERSION = YES;
				CLANG_WARN_OBJC_ROOT_CLASS = YES_ERROR;
				CLANG_WARN_QUOTED_INCLUDE_IN_FRAMEWORK_HEADER = YES;
				CLANG_WARN_RANGE_LOOP_ANALYSIS = YES;
				CLANG_WARN_STRICT_PROTOTYPES = YES;
				CLANG_WARN_SUSPICIOUS_MOVE = YES;
				CLANG_WARN_UNGUARDED_AVAILABILITY = YES_AGGRESSIVE;
				CLANG_WARN_UNREACHABLE_CODE = YES;
				CLANG_WARN__DUPLICATE_METHOD_MATCH = YES;
				COPY_PHASE_STRIP = NO;
				DEBUG_INFORMATION_FORMAT = dwarf;
				DEVELOPMENT_TEAM = G7G846SFMU;
				ENABLE_STRICT_OBJC_MSGSEND = YES;
				ENABLE_TESTABILITY = YES;
				ENABLE_USER_SCRIPT_SANDBOXING = YES;
				GCC_C_LANGUAGE_STANDARD = gnu17;
				GCC_DYNAMIC_NO_PIC = NO;
				GCC_NO_COMMON_BLOCKS = YES;
				GCC_OPTIMIZATION_LEVEL = 0;
				GCC_PREPROCESSOR_DEFINITIONS = (
					"DEBUG=1",
					"$(inherited)",
				);
				GCC_WARN_64_TO_32_BIT_CONVERSION = YES;
				GCC_WARN_ABOUT_RETURN_TYPE = YES_ERROR;
				GCC_WARN_UNDECLARED_SELECTOR = YES;
				GCC_WARN_UNINITIALIZED_AUTOS = YES_AGGRESSIVE;
				GCC_WARN_UNUSED_FUNCTION = YES;
				GCC_WARN_UNUSED_VARIABLE = YES;
				LOCALIZATION_PREFERS_STRING_CATALOGS = YES;
				MACOSX_DEPLOYMENT_TARGET = 26.0;
				MTL_ENABLE_DEBUG_INFO = INCLUDE_SOURCE;
				MTL_FAST_MATH = YES;
				ONLY_ACTIVE_ARCH = YES;
				SDKROOT = macosx;
				SWIFT_ACTIVE_COMPILATION_CONDITIONS = "DEBUG $(inherited)";
				SWIFT_OPTIMIZATION_LEVEL = "-Onone";
			};
			name = Debug;
		};
		9CD5505B2EE31ED6006CAB3F /* Release */ = {
			isa = XCBuildConfiguration;
			buildSettings = {
				ALWAYS_SEARCH_USER_PATHS = NO;
				ASSETCATALOG_COMPILER_GENERATE_SWIFT_ASSET_SYMBOL_EXTENSIONS = YES;
				CLANG_ANALYZER_NONNULL = YES;
				CLANG_ANALYZER_NUMBER_OBJECT_CONVERSION = YES_AGGRESSIVE;
				CLANG_CXX_LANGUAGE_STANDARD = "gnu++20";
				CLANG_ENABLE_MODULES = YES;
				CLANG_ENABLE_OBJC_ARC = YES;
				CLANG_ENABLE_OBJC_WEAK = YES;
				CLANG_WARN_BLOCK_CAPTURE_AUTORELEASING = YES;
				CLANG_WARN_BOOL_CONVERSION = YES;
				CLANG_WARN_COMMA = YES;
				CLANG_WARN_CONSTANT_CONVERSION = YES;
				CLANG_WARN_DEPRECATED_OBJC_IMPLEMENTATIONS = YES;
				CLANG_WARN_DIRECT_OBJC_ISA_USAGE = YES_ERROR;
				CLANG_WARN_DOCUMENTATION_COMMENTS = YES;
				CLANG_WARN_EMPTY_BODY = YES;
				CLANG_WARN_ENUM_CONVERSION = YES;
				CLANG_WARN_INFINITE_RECURSION = YES;
				CLANG_WARN_INT_CONVERSION = YES;
				CLANG_WARN_NON_LITERAL_NULL_CONVERSION = YES;
				CLANG_WARN_OBJC_IMPLICIT_RETAIN_SELF = YES;
				CLANG_WARN_OBJC_LITERAL_CONVERSION = YES;
				CLANG_WARN_OBJC_ROOT_CLASS = YES_ERROR;
				CLANG_WARN_QUOTED_INCLUDE_IN_FRAMEWORK_HEADER = YES;
				CLANG_WARN_RANGE_LOOP_ANALYSIS = YES;
				CLANG_WARN_STRICT_PROTOTYPES = YES;
				CLANG_WARN_SUSPICIOUS_MOVE = YES;
				CLANG_WARN_UNGUARDED_AVAILABILITY = YES_AGGRESSIVE;
				CLANG_WARN_UNREACHABLE_CODE = YES;
				CLANG_WARN__DUPLICATE_METHOD_MATCH = YES;
				COPY_PHASE_STRIP = NO;
				DEBUG_INFORMATION_FORMAT = "dwarf-with-dsym";
				DEVELOPMENT_TEAM = G7G846SFMU;
				ENABLE_NS_ASSERTIONS = NO;
				ENABLE_STRICT_OBJC_MSGSEND = YES;
				ENABLE_USER_SCRIPT_SANDBOXING = YES;
				GCC_C_LANGUAGE_STANDARD = gnu17;
				GCC_NO_COMMON_BLOCKS = YES;
				GCC_WARN_64_TO_32_BIT_CONVERSION = YES;
				GCC_WARN_ABOUT_RETURN_TYPE = YES_ERROR;
				GCC_WARN_UNDECLARED_SELECTOR = YES;
				GCC_WARN_UNINITIALIZED_AUTOS = YES_AGGRESSIVE;
				GCC_WARN_UNUSED_FUNCTION = YES;
				GCC_WARN_UNUSED_VARIABLE = YES;
				LOCALIZATION_PREFERS_STRING_CATALOGS = YES;
				MACOSX_DEPLOYMENT_TARGET = 26.0;
				MTL_ENABLE_DEBUG_INFO = NO;
				MTL_FAST_MATH = YES;
				SDKROOT = macosx;
				SWIFT_COMPILATION_MODE = wholemodule;
			};
			name = Release;
		};
		9CD5505D2EE31ED6006CAB3F /* Debug */ = {
			isa = XCBuildConfiguration;
			buildSettings = {
				ASSETCATALOG_COMPILER_APPICON_NAME = AppIcon;
				ASSETCATALOG_COMPILER_GLOBAL_ACCENT_COLOR_NAME = AccentColor;
				CODE_SIGN_ENTITLEMENTS = RemindfulTelemetryVerify/RemindfulTelemetryVerify.entitlements;
				CODE_SIGN_STYLE = Automatic;
				COMBINE_HIDPI_IMAGES = YES;
				CURRENT_PROJECT_VERSION = 1;
				DEVELOPMENT_TEAM = 3MUMKKCU58;
				ENABLE_APP_SANDBOX = YES;
				ENABLE_HARDENED_RUNTIME = YES;
				ENABLE_PREVIEWS = YES;
				ENABLE_USER_SELECTED_FILES = readonly;
				GENERATE_INFOPLIST_FILE = YES;
				INFOPLIST_KEY_LSApplicationCategoryType = "public.app-category.utilities";
				INFOPLIST_KEY_NSHumanReadableCopyright = "";
				LD_RUNPATH_SEARCH_PATHS = (
					"$(inherited)",
					"@executable_path/../Frameworks",
				);
				MARKETING_VERSION = 1.0;
				PRODUCT_BUNDLE_IDENTIFIER = objectivepixel.app.RemindfulTelemetryVerifyTool;
				PRODUCT_NAME = "$(TARGET_NAME)";
				REGISTER_APP_GROUPS = YES;
				STRING_CATALOG_GENERATE_SYMBOLS = YES;
				SUPPORTED_PLATFORMS = "iphoneos iphonesimulator macosx";
				SUPPORTS_MACCATALYST = NO;
				SWIFT_APPROACHABLE_CONCURRENCY = YES;
				SWIFT_DEFAULT_ACTOR_ISOLATION = MainActor;
				SWIFT_EMIT_LOC_STRINGS = YES;
				SWIFT_UPCOMING_FEATURE_MEMBER_IMPORT_VISIBILITY = YES;
				SWIFT_VERSION = 5.0;
				TARGETED_DEVICE_FAMILY = 2;
			};
			name = Debug;
		};
		9CD5505E2EE31ED6006CAB3F /* Release */ = {
			isa = XCBuildConfiguration;
			buildSettings = {
				ASSETCATALOG_COMPILER_APPICON_NAME = AppIcon;
				ASSETCATALOG_COMPILER_GLOBAL_ACCENT_COLOR_NAME = AccentColor;
				CODE_SIGN_ENTITLEMENTS = RemindfulTelemetryVerify/RemindfulTelemetryVerify.entitlements;
				CODE_SIGN_STYLE = Automatic;
				COMBINE_HIDPI_IMAGES = YES;
				CURRENT_PROJECT_VERSION = 1;
				DEVELOPMENT_TEAM = 3MUMKKCU58;
				ENABLE_APP_SANDBOX = YES;
				ENABLE_HARDENED_RUNTIME = YES;
				ENABLE_PREVIEWS = YES;
				ENABLE_USER_SELECTED_FILES = readonly;
				GENERATE_INFOPLIST_FILE = YES;
				INFOPLIST_KEY_LSApplicationCategoryType = "public.app-category.utilities";
				INFOPLIST_KEY_NSHumanReadableCopyright = "";
				LD_RUNPATH_SEARCH_PATHS = (
					"$(inherited)",
					"@executable_path/../Frameworks",
				);
				MARKETING_VERSION = 1.0;
				PRODUCT_BUNDLE_IDENTIFIER = objectivepixel.app.RemindfulTelemetryVerifyTool;
				PRODUCT_NAME = "$(TARGET_NAME)";
				REGISTER_APP_GROUPS = YES;
				STRING_CATALOG_GENERATE_SYMBOLS = YES;
				SUPPORTED_PLATFORMS = "iphoneos iphonesimulator macosx";
				SUPPORTS_MACCATALYST = NO;
				SWIFT_APPROACHABLE_CONCURRENCY = YES;
				SWIFT_DEFAULT_ACTOR_ISOLATION = MainActor;
				SWIFT_EMIT_LOC_STRINGS = YES;
				SWIFT_UPCOMING_FEATURE_MEMBER_IMPORT_VISIBILITY = YES;
				SWIFT_VERSION = 5.0;
				TARGETED_DEVICE_FAMILY = 2;
			};
			name = Release;
		};
		9CD550602EE31ED6006CAB3F /* Debug */ = {
			isa = XCBuildConfiguration;
			buildSettings = {
				BUNDLE_LOADER = "$(TEST_HOST)";
				CODE_SIGN_STYLE = Automatic;
				CURRENT_PROJECT_VERSION = 1;
				DEVELOPMENT_TEAM = G7G846SFMU;
				GENERATE_INFOPLIST_FILE = YES;
				MACOSX_DEPLOYMENT_TARGET = 26.0;
				MARKETING_VERSION = 1.0;
				PRODUCT_BUNDLE_IDENTIFIER = objectivepixel.app.RemindfulTelemetryVerifyTests;
				PRODUCT_NAME = "$(TARGET_NAME)";
				STRING_CATALOG_GENERATE_SYMBOLS = NO;
				SWIFT_APPROACHABLE_CONCURRENCY = YES;
				SWIFT_EMIT_LOC_STRINGS = NO;
				SWIFT_UPCOMING_FEATURE_MEMBER_IMPORT_VISIBILITY = YES;
				SWIFT_VERSION = 5.0;
				TEST_HOST = "$(BUILT_PRODUCTS_DIR)/RemindfulTelemetryVerify.app/$(BUNDLE_EXECUTABLE_FOLDER_PATH)/RemindfulTelemetryVerify";
			};
			name = Debug;
		};
		9CD550612EE31ED6006CAB3F /* Release */ = {
			isa = XCBuildConfiguration;
			buildSettings = {
				BUNDLE_LOADER = "$(TEST_HOST)";
				CODE_SIGN_STYLE = Automatic;
				CURRENT_PROJECT_VERSION = 1;
				DEVELOPMENT_TEAM = G7G846SFMU;
				GENERATE_INFOPLIST_FILE = YES;
				MACOSX_DEPLOYMENT_TARGET = 26.0;
				MARKETING_VERSION = 1.0;
				PRODUCT_BUNDLE_IDENTIFIER = objectivepixel.app.RemindfulTelemetryVerifyTests;
				PRODUCT_NAME = "$(TARGET_NAME)";
				STRING_CATALOG_GENERATE_SYMBOLS = NO;
				SWIFT_APPROACHABLE_CONCURRENCY = YES;
				SWIFT_EMIT_LOC_STRINGS = NO;
				SWIFT_UPCOMING_FEATURE_MEMBER_IMPORT_VISIBILITY = YES;
				SWIFT_VERSION = 5.0;
				TEST_HOST = "$(BUILT_PRODUCTS_DIR)/RemindfulTelemetryVerify.app/$(BUNDLE_EXECUTABLE_FOLDER_PATH)/RemindfulTelemetryVerify";
			};
			name = Release;
		};
		9CD550632EE31ED6006CAB3F /* Debug */ = {
			isa = XCBuildConfiguration;
			buildSettings = {
				CODE_SIGN_STYLE = Automatic;
				CURRENT_PROJECT_VERSION = 1;
				DEVELOPMENT_TEAM = G7G846SFMU;
				GENERATE_INFOPLIST_FILE = YES;
				MARKETING_VERSION = 1.0;
				PRODUCT_BUNDLE_IDENTIFIER = objectivepixel.app.RemindfulTelemetryVerifyUITests;
				PRODUCT_NAME = "$(TARGET_NAME)";
				STRING_CATALOG_GENERATE_SYMBOLS = NO;
				SWIFT_APPROACHABLE_CONCURRENCY = YES;
				SWIFT_EMIT_LOC_STRINGS = NO;
				SWIFT_UPCOMING_FEATURE_MEMBER_IMPORT_VISIBILITY = YES;
				SWIFT_VERSION = 5.0;
				TEST_TARGET_NAME = RemindfulTelemetryVerify;
			};
			name = Debug;
		};
		9CD550642EE31ED6006CAB3F /* Release */ = {
			isa = XCBuildConfiguration;
			buildSettings = {
				CODE_SIGN_STYLE = Automatic;
				CURRENT_PROJECT_VERSION = 1;
				DEVELOPMENT_TEAM = G7G846SFMU;
				GENERATE_INFOPLIST_FILE = YES;
				MARKETING_VERSION = 1.0;
				PRODUCT_BUNDLE_IDENTIFIER = objectivepixel.app.RemindfulTelemetryVerifyUITests;
				PRODUCT_NAME = "$(TARGET_NAME)";
				STRING_CATALOG_GENERATE_SYMBOLS = NO;
				SWIFT_APPROACHABLE_CONCURRENCY = YES;
				SWIFT_EMIT_LOC_STRINGS = NO;
				SWIFT_UPCOMING_FEATURE_MEMBER_IMPORT_VISIBILITY = YES;
				SWIFT_VERSION = 5.0;
				TEST_TARGET_NAME = RemindfulTelemetryVerify;
			};
			name = Release;
		};
/* End XCBuildConfiguration section */

/* Begin XCConfigurationList section */
		9CD550362EE31ED5006CAB3F /* Build configuration list for PBXProject "RemindfulTelemetryVerify" */ = {
			isa = XCConfigurationList;
			buildConfigurations = (
				9CD5505A2EE31ED6006CAB3F /* Debug */,
				9CD5505B2EE31ED6006CAB3F /* Release */,
			);
			defaultConfigurationIsVisible = 0;
			defaultConfigurationName = Release;
		};
		9CD5505C2EE31ED6006CAB3F /* Build configuration list for PBXNativeTarget "RemindfulTelemetryVerify" */ = {
			isa = XCConfigurationList;
			buildConfigurations = (
				9CD5505D2EE31ED6006CAB3F /* Debug */,
				9CD5505E2EE31ED6006CAB3F /* Release */,
			);
			defaultConfigurationIsVisible = 0;
			defaultConfigurationName = Release;
		};
		9CD5505F2EE31ED6006CAB3F /* Build configuration list for PBXNativeTarget "RemindfulTelemetryVerifyTests" */ = {
			isa = XCConfigurationList;
			buildConfigurations = (
				9CD550602EE31ED6006CAB3F /* Debug */,
				9CD550612EE31ED6006CAB3F /* Release */,
			);
			defaultConfigurationIsVisible = 0;
			defaultConfigurationName = Release;
		};
		9CD550622EE31ED6006CAB3F /* Build configuration list for PBXNativeTarget "RemindfulTelemetryVerifyUITests" */ = {
			isa = XCConfigurationList;
			buildConfigurations = (
				9CD550632EE31ED6006CAB3F /* Debug */,
				9CD550642EE31ED6006CAB3F /* Release */,
			);
			defaultConfigurationIsVisible = 0;
			defaultConfigurationName = Release;
		};
/* End XCConfigurationList section */
	};
	rootObject = 9CD550332EE31ED5006CAB3F /* Project object */;
}
